
Microsoft Visual Studio Solution File, Format Version 12.00
# Visual Studio 15
VisualStudioVersion = 15.0.28307.1062
MinimumVisualStudioVersion = 10.0.40219.1
Project("{D2ABAB84-BF74-430A-B69E-9DC6D40DDA17}") = "SASS_LOWES", "SASS_LOWES\SASS_LOWES.dwproj", "{75774281-1663-4C32-A452-B936547C1D7E}"
EndProject
Global
	GlobalSection(SolutionConfigurationPlatforms) = preSolution
		Development|Default = Development|Default
	EndGlobalSection
	GlobalSection(ProjectConfigurationPlatforms) = postSolution
		{75774281-1663-4C32-A452-B936547C1D7E}.Development|Default.ActiveCfg = Development
		{75774281-1663-4C32-A452-B936547C1D7E}.Development|Default.Build.0 = Development
		{75774281-1663-4C32-A452-B936547C1D7E}.Development|Default.Deploy.0 = Development
	EndGlobalSection
	GlobalSection(SolutionProperties) = preSolution
		HideSolutionNode = FALSE
	EndGlobalSection
	GlobalSection(ExtensibilityGlobals) = postSolution
		SolutionGuid = {794B3EFF-F789-4D6D-BEDB-D1DCE9A401D8}
	EndGlobalSection
EndGlobal
