
Microsoft Visual Studio Solution File, Format Version 12.00
# Visual Studio 15
VisualStudioVersion = 15.0.28307.1062
MinimumVisualStudioVersion = 10.0.40219.1
Project("{159641D6-6404-4A2A-AE62-294DE0FE8301}") = "ETL_Lowes", "ETL_Lowes\ETL_Lowes.dtproj", "{2C7F4859-7A2F-4DC5-B874-444F84820B52}"
EndProject
Global
	GlobalSection(SolutionConfigurationPlatforms) = preSolution
		Development|Default = Development|Default
	EndGlobalSection
	GlobalSection(ProjectConfigurationPlatforms) = postSolution
		{2C7F4859-7A2F-4DC5-B874-444F84820B52}.Development|Default.ActiveCfg = Development
		{2C7F4859-7A2F-4DC5-B874-444F84820B52}.Development|Default.Build.0 = Development
	EndGlobalSection
	GlobalSection(SolutionProperties) = preSolution
		HideSolutionNode = FALSE
	EndGlobalSection
	GlobalSection(ExtensibilityGlobals) = postSolution
		SolutionGuid = {41D47EB4-3ADB-4E75-B571-1DD537734796}
	EndGlobalSection
EndGlobal
